// !$*UTF8*$!
{
	archiveVersion = 1;
	classes = {
	};
	objectVersion = 46;
	objects = {

/* Begin PBXBuildFile section */
		D0F220361BF67F9C00013E8E /* AppDelegate.swift in Sources */ = {isa = PBXBuildFile; fileRef = D0F220351BF67F9C00013E8E /* AppDelegate.swift */; };
		D0F220381BF67F9C00013E8E /* ViewController.swift in Sources */ = {isa = PBXBuildFile; fileRef = D0F220371BF67F9C00013E8E /* ViewController.swift */; };
		D0F2203B1BF67F9C00013E8E /* Main.storyboard in Resources */ = {isa = PBXBuildFile; fileRef = D0F220391BF67F9C00013E8E /* Main.storyboard */; };
		D0F2203D1BF67F9C00013E8E /* Assets.xcassets in Resources */ = {isa = PBXBuildFile; fileRef = D0F2203C1BF67F9C00013E8E /* Assets.xcassets */; };
		D0F220401BF67F9C00013E8E /* LaunchScreen.storyboard in Resources */ = {isa = PBXBuildFile; fileRef = D0F2203E1BF67F9C00013E8E /* LaunchScreen.storyboard */; };
		D0F2204B1BF67F9C00013E8E /* Pitch_PerfectTests.swift in Sources */ = {isa = PBXBuildFile; fileRef = D0F2204A1BF67F9C00013E8E /* Pitch_PerfectTests.swift */; };
		D0F220561BF67F9C00013E8E /* Pitch_PerfectUITests.swift in Sources */ = {isa = PBXBuildFile; fileRef = D0F220551BF67F9C00013E8E /* Pitch_PerfectUITests.swift */; };
/* End PBXBuildFile section */

/* Begin PBXContainerItemProxy section */
		D0F220471BF67F9C00013E8E /* PBXContainerItemProxy */ = {
			isa = PBXContainerItemProxy;
			containerPortal = D0F2202A1BF67F9C00013E8E /* Project object */;
			proxyType = 1;
			remoteGlobalIDString = D0F220311BF67F9C00013E8E;
			remoteInfo = "Pitch Perfect";
		};
		D0F220521BF67F9C00013E8E /* PBXContainerItemProxy */ = {
			isa = PBXContainerItemProxy;
			containerPortal = D0F2202A1BF67F9C00013E8E /* Project object */;
			proxyType = 1;
			remoteGlobalIDString = D0F220311BF67F9C00013E8E;
			remoteInfo = "Pitch Perfect";
		};
/* End PBXContainerItemProxy section */

/* Begin PBXFileReference section */
		D0F220321BF67F9C00013E8E /* Pitch Perfect.app */ = {isa = PBXFileReference; explicitFileType = wrapper.application; includeInIndex = 0; path = "Pitch Perfect.app"; sourceTree = BUILT_PRODUCTS_DIR; };
		D0F220351BF67F9C00013E8E /* AppDelegate.swift */ = {isa = PBXFileReference; lastKnownFileType = sourcecode.swift; path = AppDelegate.swift; sourceTree = "<group>"; };
		D0F220371BF67F9C00013E8E /* ViewController.swift */ = {isa = PBXFileReference; lastKnownFileType = sourcecode.swift; path = ViewController.swift; sourceTree = "<group>"; };
		D0F2203A1BF67F9C00013E8E /* Base */ = {isa = PBXFileReference; lastKnownFileType = file.storyboard; name = Base; path = Base.lproj/Main.storyboard; sourceTree = "<group>"; };
		D0F2203C1BF67F9C00013E8E /* Assets.xcassets */ = {isa = PBXFileReference; lastKnownFileType = folder.assetcatalog; path = Assets.xcassets; sourceTree = "<group>"; };
		D0F2203F1BF67F9C00013E8E /* Base */ = {isa = PBXFileReference; lastKnownFileType = file.storyboard; name = Base; path = Base.lproj/LaunchScreen.storyboard; sourceTree = "<group>"; };
		D0F220411BF67F9C00013E8E /* Info.plist */ = {isa = PBXFileReference; lastKnownFileType = text.plist.xml; path = Info.plist; sourceTree = "<group>"; };
		D0F220461BF67F9C00013E8E /* Pitch PerfectTests.xctest */ = {isa = PBXFileReference; explicitFileType = wrapper.cfbundle; includeInIndex = 0; path = "Pitch PerfectTests.xctest"; sourceTree = BUILT_PRODUCTS_DIR; };
		D0F2204A1BF67F9C00013E8E /* Pitch_PerfectTests.swift */ = {isa = PBXFileReference; lastKnownFileType = sourcecode.swift; path = Pitch_PerfectTests.swift; sourceTree = "<group>"; };
		D0F2204C1BF67F9C00013E8E /* Info.plist */ = {isa = PBXFileReference; lastKnownFileType = text.plist.xml; path = Info.plist; sourceTree = "<group>"; };
		D0F220511BF67F9C00013E8E /* Pitch PerfectUITests.xctest */ = {isa = PBXFileReference; explicitFileType = wrapper.cfbundle; includeInIndex = 0; path = "Pitch PerfectUITests.xctest"; sourceTree = BUILT_PRODUCTS_DIR; };
		D0F220551BF67F9C00013E8E /* Pitch_PerfectUITests.swift */ = {isa = PBXFileReference; lastKnownFileType = sourcecode.swift; path = Pitch_PerfectUITests.swift; sourceTree = "<group>"; };
		D0F220571BF67F9C00013E8E /* Info.plist */ = {isa = PBXFileReference; lastKnownFileType = text.plist.xml; path = Info.plist; sourceTree = "<group>"; };
/* End PBXFileReference section */

/* Begin PBXFrameworksBuildPhase section */
		D0F2202F1BF67F9C00013E8E /* Frameworks */ = {
			isa = PBXFrameworksBuildPhase;
			buildActionMask = 2147483647;
			files = (
			);
			runOnlyForDeploymentPostprocessing = 0;
		};
		D0F220431BF67F9C00013E8E /* Frameworks */ = {
			isa = PBXFrameworksBuildPhase;
			buildActionMask = 2147483647;
			files = (
			);
			runOnlyForDeploymentPostprocessing = 0;
		};
		D0F2204E1BF67F9C00013E8E /* Frameworks */ = {
			isa = PBXFrameworksBuildPhase;
			buildActionMask = 2147483647;
			files = (
			);
			runOnlyForDeploymentPostprocessing = 0;
		};
/* End PBXFrameworksBuildPhase section */

/* Begin PBXGroup section */
		D0F220291BF67F9C00013E8E = {
			isa = PBXGroup;
			children = (
				D0F220341BF67F9C00013E8E /* Pitch Perfect */,
				D0F220491BF67F9C00013E8E /* Pitch PerfectTests */,
				D0F220541BF67F9C00013E8E /* Pitch PerfectUITests */,
				D0F220331BF67F9C00013E8E /* Products */,
			);
			sourceTree = "<group>";
		};
		D0F220331BF67F9C00013E8E /* Products */ = {
			isa = PBXGroup;
			children = (
				D0F220321BF67F9C00013E8E /* Pitch Perfect.app */,
				D0F220461BF67F9C00013E8E /* Pitch PerfectTests.xctest */,
				D0F220511BF67F9C00013E8E /* Pitch PerfectUITests.xctest */,
			);
			name = Products;
			sourceTree = "<group>";
		};
		D0F220341BF67F9C00013E8E /* Pitch Perfect */ = {
			isa = PBXGroup;
			children = (
				D0F220351BF67F9C00013E8E /* AppDelegate.swift */,
				D0F220371BF67F9C00013E8E /* ViewController.swift */,
				D0F220391BF67F9C00013E8E /* Main.storyboard */,
				D0F2203C1BF67F9C00013E8E /* Assets.xcassets */,
				D0F2203E1BF67F9C00013E8E /* LaunchScreen.storyboard */,
				D0F220411BF67F9C00013E8E /* Info.plist */,
			);
			path = "Pitch Perfect";
			sourceTree = "<group>";
		};
		D0F220491BF67F9C00013E8E /* Pitch PerfectTests */ = {
			isa = PBXGroup;
			children = (
				D0F2204A1BF67F9C00013E8E /* Pitch_PerfectTests.swift */,
				D0F2204C1BF67F9C00013E8E /* Info.plist */,
			);
			path = "Pitch PerfectTests";
			sourceTree = "<group>";
		};
		D0F220541BF67F9C00013E8E /* Pitch PerfectUITests */ = {
			isa = PBXGroup;
			children = (
				D0F220551BF67F9C00013E8E /* Pitch_PerfectUITests.swift */,
				D0F220571BF67F9C00013E8E /* Info.plist */,
			);
			path = "Pitch PerfectUITests";
			sourceTree = "<group>";
		};
/* End PBXGroup section */

/* Begin PBXNativeTarget section */
		D0F220311BF67F9C00013E8E /* Pitch Perfect */ = {
			isa = PBXNativeTarget;
			buildConfigurationList = D0F2205A1BF67F9C00013E8E /* Build configuration list for PBXNativeTarget "Pitch Perfect" */;
			buildPhases = (
				D0F2202E1BF67F9C00013E8E /* Sources */,
				D0F2202F1BF67F9C00013E8E /* Frameworks */,
				D0F220301BF67F9C00013E8E /* Resources */,
			);
			buildRules = (
			);
			dependencies = (
			);
			name = "Pitch Perfect";
			productName = "Pitch Perfect";
			productReference = D0F220321BF67F9C00013E8E /* Pitch Perfect.app */;
			productType = "com.apple.product-type.application";
		};
		D0F220451BF67F9C00013E8E /* Pitch PerfectTests */ = {
			isa = PBXNativeTarget;
			buildConfigurationList = D0F2205D1BF67F9C00013E8E /* Build configuration list for PBXNativeTarget "Pitch PerfectTests" */;
			buildPhases = (
				D0F220421BF67F9C00013E8E /* Sources */,
				D0F220431BF67F9C00013E8E /* Frameworks */,
				D0F220441BF67F9C00013E8E /* Resources */,
			);
			buildRules = (
			);
			dependencies = (
				D0F220481BF67F9C00013E8E /* PBXTargetDependency */,
			);
			name = "Pitch PerfectTests";
			productName = "Pitch PerfectTests";
			productReference = D0F220461BF67F9C00013E8E /* Pitch PerfectTests.xctest */;
			productType = "com.apple.product-type.bundle.unit-test";
		};
		D0F220501BF67F9C00013E8E /* Pitch PerfectUITests */ = {
			isa = PBXNativeTarget;
			buildConfigurationList = D0F220601BF67F9C00013E8E /* Build configuration list for PBXNativeTarget "Pitch PerfectUITests" */;
			buildPhases = (
				D0F2204D1BF67F9C00013E8E /* Sources */,
				D0F2204E1BF67F9C00013E8E /* Frameworks */,
				D0F2204F1BF67F9C00013E8E /* Resources */,
			);
			buildRules = (
			);
			dependencies = (
				D0F220531BF67F9C00013E8E /* PBXTargetDependency */,
			);
			name = "Pitch PerfectUITests";
			productName = "Pitch PerfectUITests";
			productReference = D0F220511BF67F9C00013E8E /* Pitch PerfectUITests.xctest */;
			productType = "com.apple.product-type.bundle.ui-testing";
		};
/* End PBXNativeTarget section */

/* Begin PBXProject section */
		D0F2202A1BF67F9C00013E8E /* Project object */ = {
			isa = PBXProject;
			attributes = {
				LastSwiftUpdateCheck = 0710;
				LastUpgradeCheck = 0710;
				ORGANIZATIONNAME = "Melina Casanova";
				TargetAttributes = {
					D0F220311BF67F9C00013E8E = {
						CreatedOnToolsVersion = 7.1;
					};
					D0F220451BF67F9C00013E8E = {
						CreatedOnToolsVersion = 7.1;
						TestTargetID = D0F220311BF67F9C00013E8E;
					};
					D0F220501BF67F9C00013E8E = {
						CreatedOnToolsVersion = 7.1;
						TestTargetID = D0F220311BF67F9C00013E8E;
					};
				};
			};
			buildConfigurationList = D0F2202D1BF67F9C00013E8E /* Build configuration list for PBXProject "Pitch Perfect" */;
			compatibilityVersion = "Xcode 3.2";
			developmentRegion = English;
			hasScannedForEncodings = 0;
			knownRegions = (
				en,
				Base,
			);
			mainGroup = D0F220291BF67F9C00013E8E;
			productRefGroup = D0F220331BF67F9C00013E8E /* Products */;
			projectDirPath = "";
			projectRoot = "";
			targets = (
				D0F220311BF67F9C00013E8E /* Pitch Perfect */,
				D0F220451BF67F9C00013E8E /* Pitch PerfectTests */,
				D0F220501BF67F9C00013E8E /* Pitch PerfectUITests */,
			);
		};
/* End PBXProject section */

/* Begin PBXResourcesBuildPhase section */
		D0F220301BF67F9C00013E8E /* Resources */ = {
			isa = PBXResourcesBuildPhase;
			buildActionMask = 2147483647;
			files = (
				D0F220401BF67F9C00013E8E /* LaunchScreen.storyboard in Resources */,
				D0F2203D1BF67F9C00013E8E /* Assets.xcassets in Resources */,
				D0F2203B1BF67F9C00013E8E /* Main.storyboard in Resources */,
			);
			runOnlyForDeploymentPostprocessing = 0;
		};
		D0F220441BF67F9C00013E8E /* Resources */ = {
			isa = PBXResourcesBuildPhase;
			buildActionMask = 2147483647;
			files = (
			);
			runOnlyForDeploymentPostprocessing = 0;
		};
		D0F2204F1BF67F9C00013E8E /* Resources */ = {
			isa = PBXResourcesBuildPhase;
			buildActionMask = 2147483647;
			files = (
			);
			runOnlyForDeploymentPostprocessing = 0;
		};
/* End PBXResourcesBuildPhase section */

/* Begin PBXSourcesBuildPhase section */
		D0F2202E1BF67F9C00013E8E /* Sources */ = {
			isa = PBXSourcesBuildPhase;
			buildActionMask = 2147483647;
			files = (
				D0F220381BF67F9C00013E8E /* ViewController.swift in Sources */,
				D0F220361BF67F9C00013E8E /* AppDelegate.swift in Sources */,
			);
			runOnlyForDeploymentPostprocessing = 0;
		};
		D0F220421BF67F9C00013E8E /* Sources */ = {
			isa = PBXSourcesBuildPhase;
			buildActionMask = 2147483647;
			files = (
				D0F2204B1BF67F9C00013E8E /* Pitch_PerfectTests.swift in Sources */,
			);
			runOnlyForDeploymentPostprocessing = 0;
		};
		D0F2204D1BF67F9C00013E8E /* Sources */ = {
			isa = PBXSourcesBuildPhase;
			buildActionMask = 2147483647;
			files = (
				D0F220561BF67F9C00013E8E /* Pitch_PerfectUITests.swift in Sources */,
			);
			runOnlyForDeploymentPostprocessing = 0;
		};
/* End PBXSourcesBuildPhase section */

/* Begin PBXTargetDependency section */
		D0F220481BF67F9C00013E8E /* PBXTargetDependency */ = {
			isa = PBXTargetDependency;
			target = D0F220311BF67F9C00013E8E /* Pitch Perfect */;
			targetProxy = D0F220471BF67F9C00013E8E /* PBXContainerItemProxy */;
		};
		D0F220531BF67F9C00013E8E /* PBXTargetDependency */ = {
			isa = PBXTargetDependency;
			target = D0F220311BF67F9C00013E8E /* Pitch Perfect */;
			targetProxy = D0F220521BF67F9C00013E8E /* PBXContainerItemProxy */;
		};
/* End PBXTargetDependency section */

/* Begin PBXVariantGroup section */
		D0F220391BF67F9C00013E8E /* Main.storyboard */ = {
			isa = PBXVariantGroup;
			children = (
				D0F2203A1BF67F9C00013E8E /* Base */,
			);
			name = Main.storyboard;
			sourceTree = "<group>";
		};
		D0F2203E1BF67F9C00013E8E /* LaunchScreen.storyboard */ = {
			isa = PBXVariantGroup;
			children = (
				D0F2203F1BF67F9C00013E8E /* Base */,
			);
			name = LaunchScreen.storyboard;
			sourceTree = "<group>";
		};
/* End PBXVariantGroup section */

/* Begin XCBuildConfiguration section */
		D0F220581BF67F9C00013E8E /* Debug */ = {
			isa = XCBuildConfiguration;
			buildSettings = {
				ALWAYS_SEARCH_USER_PATHS = NO;
				CLANG_CXX_LANGUAGE_STANDARD = "gnu++0x";
				CLANG_CXX_LIBRARY = "libc++";
				CLANG_ENABLE_MODULES = YES;
				CLANG_ENABLE_OBJC_ARC = YES;
				CLANG_WARN_BOOL_CONVERSION = YES;
				CLANG_WARN_CONSTANT_CONVERSION = YES;
				CLANG_WARN_DIRECT_OBJC_ISA_USAGE = YES_ERROR;
				CLANG_WARN_EMPTY_BODY = YES;
				CLANG_WARN_ENUM_CONVERSION = YES;
				CLANG_WARN_INT_CONVERSION = YES;
				CLANG_WARN_OBJC_ROOT_CLASS = YES_ERROR;
				CLANG_WARN_UNREACHABLE_CODE = YES;
				CLANG_WARN__DUPLICATE_METHOD_MATCH = YES;
				"CODE_SIGN_IDENTITY[sdk=iphoneos*]" = "iPhone Developer";
				COPY_PHASE_STRIP = NO;
				DEBUG_INFORMATION_FORMAT = dwarf;
				ENABLE_STRICT_OBJC_MSGSEND = YES;
				ENABLE_TESTABILITY = YES;
				GCC_C_LANGUAGE_STANDARD = gnu99;
				GCC_DYNAMIC_NO_PIC = NO;
				GCC_NO_COMMON_BLOCKS = YES;
				GCC_OPTIMIZATION_LEVEL = 0;
				GCC_PREPROCESSOR_DEFINITIONS = (
					"DEBUG=1",
					"$(inherited)",
				);
				GCC_WARN_64_TO_32_BIT_CONVERSION = YES;
				GCC_WARN_ABOUT_RETURN_TYPE = YES_ERROR;
				GCC_WARN_UNDECLARED_SELECTOR = YES;
				GCC_WARN_UNINITIALIZED_AUTOS = YES_AGGRESSIVE;
				GCC_WARN_UNUSED_FUNCTION = YES;
				GCC_WARN_UNUSED_VARIABLE = YES;
				IPHONEOS_DEPLOYMENT_TARGET = 9.1;
				MTL_ENABLE_DEBUG_INFO = YES;
				ONLY_ACTIVE_ARCH = YES;
				SDKROOT = iphoneos;
				SWIFT_OPTIMIZATION_LEVEL = "-Onone";
			};
			name = Debug;
		};
		D0F220591BF67F9C00013E8E /* Release */ = {
			isa = XCBuildConfiguration;
			buildSettings = {
				ALWAYS_SEARCH_USER_PATHS = NO;
				CLANG_CXX_LANGUAGE_STANDARD = "gnu++0x";
				CLANG_CXX_LIBRARY = "libc++";
				CLANG_ENABLE_MODULES = YES;
				CLANG_ENABLE_OBJC_ARC = YES;
				CLANG_WARN_BOOL_CONVERSION = YES;
				CLANG_WARN_CONSTANT_CONVERSION = YES;
				CLANG_WARN_DIRECT_OBJC_ISA_USAGE = YES_ERROR;
				CLANG_WARN_EMPTY_BODY = YES;
				CLANG_WARN_ENUM_CONVERSION = YES;
				CLANG_WARN_INT_CONVERSION = YES;
				CLANG_WARN_OBJC_ROOT_CLASS = YES_ERROR;
				CLANG_WARN_UNREACHABLE_CODE = YES;
				CLANG_WARN__DUPLICATE_METHOD_MATCH = YES;
				"CODE_SIGN_IDENTITY[sdk=iphoneos*]" = "iPhone Developer";
				COPY_PHASE_STRIP = NO;
				DEBUG_INFORMATION_FORMAT = "dwarf-with-dsym";
				ENABLE_NS_ASSERTIONS = NO;
				ENABLE_STRICT_OBJC_MSGSEND = YES;
				GCC_C_LANGUAGE_STANDARD = gnu99;
				GCC_NO_COMMON_BLOCKS = YES;
				GCC_WARN_64_TO_32_BIT_CONVERSION = YES;
				GCC_WARN_ABOUT_RETURN_TYPE = YES_ERROR;
				GCC_WARN_UNDECLARED_SELECTOR = YES;
				GCC_WARN_UNINITIALIZED_AUTOS = YES_AGGRESSIVE;
				GCC_WARN_UNUSED_FUNCTION = YES;
				GCC_WARN_UNUSED_VARIABLE = YES;
				IPHONEOS_DEPLOYMENT_TARGET = 9.1;
				MTL_ENABLE_DEBUG_INFO = NO;
				SDKROOT = iphoneos;
				VALIDATE_PRODUCT = YES;
			};
			name = Release;
		};
		D0F2205B1BF67F9C00013E8E /* Debug */ = {
			isa = XCBuildConfiguration;
			buildSettings = {
				ASSETCATALOG_COMPILER_APPICON_NAME = AppIcon;
				INFOPLIST_FILE = "Pitch Perfect/Info.plist";
				IPHONEOS_DEPLOYMENT_TARGET = 9.1;
				LD_RUNPATH_SEARCH_PATHS = "$(inherited) @executable_path/Frameworks";
				PRODUCT_BUNDLE_IDENTIFIER = "com.enchantedpotato.Pitch-Perfect";
				PRODUCT_NAME = "$(TARGET_NAME)";
			};
			name = Debug;
		};
		D0F2205C1BF67F9C00013E8E /* Release */ = {
			isa = XCBuildConfiguration;
			buildSettings = {
				ASSETCATALOG_COMPILER_APPICON_NAME = AppIcon;
				INFOPLIST_FILE = "Pitch Perfect/Info.plist";
				IPHONEOS_DEPLOYMENT_TARGET = 9.1;
				LD_RUNPATH_SEARCH_PATHS = "$(inherited) @executable_path/Frameworks";
				PRODUCT_BUNDLE_IDENTIFIER = "com.enchantedpotato.Pitch-Perfect";
				PRODUCT_NAME = "$(TARGET_NAME)";
			};
			name = Release;
		};
		D0F2205E1BF67F9C00013E8E /* Debug */ = {
			isa = XCBuildConfiguration;
			buildSettings = {
				BUNDLE_LOADER = "$(TEST_HOST)";
				INFOPLIST_FILE = "Pitch PerfectTests/Info.plist";
				LD_RUNPATH_SEARCH_PATHS = "$(inherited) @executable_path/Frameworks @loader_path/Frameworks";
				PRODUCT_BUNDLE_IDENTIFIER = "com.enchantedpotato.Pitch-PerfectTests";
				PRODUCT_NAME = "$(TARGET_NAME)";
				TEST_HOST = "$(BUILT_PRODUCTS_DIR)/Pitch Perfect.app/Pitch Perfect";
			};
			name = Debug;
		};
		D0F2205F1BF67F9C00013E8E /* Release */ = {
			isa = XCBuildConfiguration;
			buildSettings = {
				BUNDLE_LOADER = "$(TEST_HOST)";
				INFOPLIST_FILE = "Pitch PerfectTests/Info.plist";
				LD_RUNPATH_SEARCH_PATHS = "$(inherited) @executable_path/Frameworks @loader_path/Frameworks";
				PRODUCT_BUNDLE_IDENTIFIER = "com.enchantedpotato.Pitch-PerfectTests";
				PRODUCT_NAME = "$(TARGET_NAME)";
				TEST_HOST = "$(BUILT_PRODUCTS_DIR)/Pitch Perfect.app/Pitch Perfect";
			};
			name = Release;
		};
		D0F220611BF67F9C00013E8E /* Debug */ = {
			isa = XCBuildConfiguration;
			buildSettings = {
				INFOPLIST_FILE = "Pitch PerfectUITests/Info.plist";
				LD_RUNPATH_SEARCH_PATHS = "$(inherited) @executable_path/Frameworks @loader_path/Frameworks";
				PRODUCT_BUNDLE_IDENTIFIER = "com.enchantedpotato.Pitch-PerfectUITests";
				PRODUCT_NAME = "$(TARGET_NAME)";
				TEST_TARGET_NAME = "Pitch Perfect";
				USES_XCTRUNNER = YES;
			};
			name = Debug;
		};
		D0F220621BF67F9C00013E8E /* Release */ = {
			isa = XCBuildConfiguration;
			buildSettings = {
				INFOPLIST_FILE = "Pitch PerfectUITests/Info.plist";
				LD_RUNPATH_SEARCH_PATHS = "$(inherited) @executable_path/Frameworks @loader_path/Frameworks";
				PRODUCT_BUNDLE_IDENTIFIER = "com.enchantedpotato.Pitch-PerfectUITests";
				PRODUCT_NAME = "$(TARGET_NAME)";
				TEST_TARGET_NAME = "Pitch Perfect";
				USES_XCTRUNNER = YES;
			};
			name = Release;
		};
/* End XCBuildConfiguration section */

/* Begin XCConfigurationList section */
		D0F2202D1BF67F9C00013E8E /* Build configuration list for PBXProject "Pitch Perfect" */ = {
			isa = XCConfigurationList;
			buildConfigurations = (
				D0F220581BF67F9C00013E8E /* Debug */,
				D0F220591BF67F9C00013E8E /* Release */,
			);
			defaultConfigurationIsVisible = 0;
			defaultConfigurationName = Release;
		};
		D0F2205A1BF67F9C00013E8E /* Build configuration list for PBXNativeTarget "Pitch Perfect" */ = {
			isa = XCConfigurationList;
			buildConfigurations = (
				D0F2205B1BF67F9C00013E8E /* Debug */,
				D0F2205C1BF67F9C00013E8E /* Release */,
			);
			defaultConfigurationIsVisible = 0;
		};
		D0F2205D1BF67F9C00013E8E /* Build configuration list for PBXNativeTarget "Pitch PerfectTests" */ = {
			isa = XCConfigurationList;
			buildConfigurations = (
				D0F2205E1BF67F9C00013E8E /* Debug */,
				D0F2205F1BF67F9C00013E8E /* Release */,
			);
			defaultConfigurationIsVisible = 0;
		};
		D0F220601BF67F9C00013E8E /* Build configuration list for PBXNativeTarget "Pitch PerfectUITests" */ = {
			isa = XCConfigurationList;
			buildConfigurations = (
				D0F220611BF67F9C00013E8E /* Debug */,
				D0F220621BF67F9C00013E8E /* Release */,
			);
			defaultConfigurationIsVisible = 0;
		};
/* End XCConfigurationList section */
	};
	rootObject = D0F2202A1BF67F9C00013E8E /* Project object */;
}
